// !$*UTF8*$!
{
	archiveVersion = 1;
	classes = {
	};
	objectVersion = 46;
	objects = {

/* Begin PBXBuildFile section */
		005429B5C9A06B8CEE4E0C07 /* Pods_TWGOperations_Example_TWGOperations_Tests.framework in Frameworks */ = {isa = PBXBuildFile; fileRef = 61F14C14EFA33B5B9F09E41C /* Pods_TWGOperations_Example_TWGOperations_Tests.framework */; };
		346DA0F7D85067BE36D56D8A /* Pods_TWGOperations_Example_TWGOperations_Performance_Tests.framework in Frameworks */ = {isa = PBXBuildFile; fileRef = E5FB659BCAEE75D397FEDA00 /* Pods_TWGOperations_Example_TWGOperations_Performance_Tests.framework */; };
		5B6BF2167639C9677EE364D4 /* Pods_TWGOperations_Example.framework in Frameworks */ = {isa = PBXBuildFile; fileRef = E5563414E5C6323438B025CF /* Pods_TWGOperations_Example.framework */; };
		6003F58E195388D20070C39A /* Foundation.framework in Frameworks */ = {isa = PBXBuildFile; fileRef = 6003F58D195388D20070C39A /* Foundation.framework */; };
		6003F590195388D20070C39A /* CoreGraphics.framework in Frameworks */ = {isa = PBXBuildFile; fileRef = 6003F58F195388D20070C39A /* CoreGraphics.framework */; };
		6003F592195388D20070C39A /* UIKit.framework in Frameworks */ = {isa = PBXBuildFile; fileRef = 6003F591195388D20070C39A /* UIKit.framework */; };
		6003F598195388D20070C39A /* InfoPlist.strings in Resources */ = {isa = PBXBuildFile; fileRef = 6003F596195388D20070C39A /* InfoPlist.strings */; };
		6003F59A195388D20070C39A /* main.m in Sources */ = {isa = PBXBuildFile; fileRef = 6003F599195388D20070C39A /* main.m */; };
		6003F59E195388D20070C39A /* AppDelegate.m in Sources */ = {isa = PBXBuildFile; fileRef = 6003F59D195388D20070C39A /* AppDelegate.m */; };
		6003F5A9195388D20070C39A /* Images.xcassets in Resources */ = {isa = PBXBuildFile; fileRef = 6003F5A8195388D20070C39A /* Images.xcassets */; };
		6003F5B0195388D20070C39A /* XCTest.framework in Frameworks */ = {isa = PBXBuildFile; fileRef = 6003F5AF195388D20070C39A /* XCTest.framework */; };
		6003F5B1195388D20070C39A /* Foundation.framework in Frameworks */ = {isa = PBXBuildFile; fileRef = 6003F58D195388D20070C39A /* Foundation.framework */; };
		6003F5B2195388D20070C39A /* UIKit.framework in Frameworks */ = {isa = PBXBuildFile; fileRef = 6003F591195388D20070C39A /* UIKit.framework */; };
		6003F5BA195388D20070C39A /* InfoPlist.strings in Resources */ = {isa = PBXBuildFile; fileRef = 6003F5B8195388D20070C39A /* InfoPlist.strings */; };
		6506B5221DE5E6A80090C36A /* TWGOperationSwiftCompatibilityTests.swift in Sources */ = {isa = PBXBuildFile; fileRef = 6506B5211DE5E6A80090C36A /* TWGOperationSwiftCompatibilityTests.swift */; };
		6506B52F1DE5F4850090C36A /* LaunchScreen.storyboard in Resources */ = {isa = PBXBuildFile; fileRef = 6506B52E1DE5F4850090C36A /* LaunchScreen.storyboard */; };
		6506B5301DE5F5030090C36A /* TestOperationDelegate.swift in Sources */ = {isa = PBXBuildFile; fileRef = 6506B52C1DE5F3F50090C36A /* TestOperationDelegate.swift */; };
		6506B5391DE5FF990090C36A /* SwiftPhotoViewController.swift in Sources */ = {isa = PBXBuildFile; fileRef = 6506B5371DE5FF990090C36A /* SwiftPhotoViewController.swift */; };
		6506B53A1DE5FF990090C36A /* SwiftPhotoViewController.xib in Resources */ = {isa = PBXBuildFile; fileRef = 6506B5381DE5FF990090C36A /* SwiftPhotoViewController.xib */; };
		651974BA1CD9183000721488 /* GETFlickrPhotoURLSOperation.m in Sources */ = {isa = PBXBuildFile; fileRef = 651974B91CD9183000721488 /* GETFlickrPhotoURLSOperation.m */; };
		651974BD1CD9202E00721488 /* GETCacheOperation.m in Sources */ = {isa = PBXBuildFile; fileRef = 651974BC1CD9202E00721488 /* GETCacheOperation.m */; };
		651974C21CD923B500721488 /* PhotoThumbnailCell.m in Sources */ = {isa = PBXBuildFile; fileRef = 651974C01CD923B500721488 /* PhotoThumbnailCell.m */; };
		65274B541C1B2BA300DF0112 /* SortOperation.m in Sources */ = {isa = PBXBuildFile; fileRef = 65274B531C1B2BA300DF0112 /* SortOperation.m */; };
		65274B611C1B55AA00DF0112 /* TWGOperationSpeedTests.m in Sources */ = {isa = PBXBuildFile; fileRef = 65274B501C1B28B800DF0112 /* TWGOperationSpeedTests.m */; };
		65274B641C1B55AA00DF0112 /* XCTest.framework in Frameworks */ = {isa = PBXBuildFile; fileRef = 6003F5AF195388D20070C39A /* XCTest.framework */; };
		65274B651C1B55AA00DF0112 /* UIKit.framework in Frameworks */ = {isa = PBXBuildFile; fileRef = 6003F591195388D20070C39A /* UIKit.framework */; };
		65274B661C1B55AA00DF0112 /* Foundation.framework in Frameworks */ = {isa = PBXBuildFile; fileRef = 6003F58D195388D20070C39A /* Foundation.framework */; };
		65274B691C1B55AA00DF0112 /* InfoPlist.strings in Resources */ = {isa = PBXBuildFile; fileRef = 6003F5B8195388D20070C39A /* InfoPlist.strings */; };
		65274B7A1C1B55BB00DF0112 /* TWGGroupOperationIntegrationTests.m in Sources */ = {isa = PBXBuildFile; fileRef = 65C96CB41C0CE82100298710 /* TWGGroupOperationIntegrationTests.m */; };
		65274B7E1C1B55BB00DF0112 /* TWGOperationIntegrationTests.m in Sources */ = {isa = PBXBuildFile; fileRef = 65C96CB21C0CE35100298710 /* TWGOperationIntegrationTests.m */; };
		65274B801C1B55BB00DF0112 /* XCTest.framework in Frameworks */ = {isa = PBXBuildFile; fileRef = 6003F5AF195388D20070C39A /* XCTest.framework */; };
		65274B811C1B55BB00DF0112 /* UIKit.framework in Frameworks */ = {isa = PBXBuildFile; fileRef = 6003F591195388D20070C39A /* UIKit.framework */; };
		65274B821C1B55BB00DF0112 /* Foundation.framework in Frameworks */ = {isa = PBXBuildFile; fileRef = 6003F58D195388D20070C39A /* Foundation.framework */; };
		65274B851C1B55BB00DF0112 /* InfoPlist.strings in Resources */ = {isa = PBXBuildFile; fileRef = 6003F5B8195388D20070C39A /* InfoPlist.strings */; };
		65274B921C1B62FB00DF0112 /* NSObjectPerformBlockTests.m in Sources */ = {isa = PBXBuildFile; fileRef = 65274B911C1B62FB00DF0112 /* NSObjectPerformBlockTests.m */; };
		6527DA5F1CDCE47B009E612C /* TestingAppDelegate.m in Sources */ = {isa = PBXBuildFile; fileRef = 6527DA5E1CDCE47B009E612C /* TestingAppDelegate.m */; };
		652C345B1CD3EBEF00D29C39 /* CheckPassOperation.m in Sources */ = {isa = PBXBuildFile; fileRef = 652C345A1CD3EBEF00D29C39 /* CheckPassOperation.m */; };
		652C345D1CD3EDE800D29C39 /* TWGRetryOperationIntegrationTests.m in Sources */ = {isa = PBXBuildFile; fileRef = 652C345C1CD3EDE800D29C39 /* TWGRetryOperationIntegrationTests.m */; };
		652C345F1CD3EE0F00D29C39 /* TWGRetryOperationTests.m in Sources */ = {isa = PBXBuildFile; fileRef = 652C345E1CD3EE0F00D29C39 /* TWGRetryOperationTests.m */; };
		654EB67D1CD3B3A300BB080E /* HomeViewController.m in Sources */ = {isa = PBXBuildFile; fileRef = 654EB67C1CD3B3A300BB080E /* HomeViewController.m */; };
		654EB6801CD3CE2500BB080E /* GETFlickrFeedOperation.m in Sources */ = {isa = PBXBuildFile; fileRef = 654EB67F1CD3CE2500BB080E /* GETFlickrFeedOperation.m */; };
		654EB6841CD3CE4900BB080E /* FlickrPhoto.m in Sources */ = {isa = PBXBuildFile; fileRef = 654EB6831CD3CE4900BB080E /* FlickrPhoto.m */; };
		654EB6871CD3CF1F00BB080E /* FetchFlickrFeedOperation.m in Sources */ = {isa = PBXBuildFile; fileRef = 654EB6861CD3CF1F00BB080E /* FetchFlickrFeedOperation.m */; };
		654EB68B1CD3D26000BB080E /* GETRecentFlickrFeedOperation.m in Sources */ = {isa = PBXBuildFile; fileRef = 654EB68A1CD3D26000BB080E /* GETRecentFlickrFeedOperation.m */; };
		659D06121BC8563C00AD5D94 /* TWGOperationTests.m in Sources */ = {isa = PBXBuildFile; fileRef = 659D06111BC8563C00AD5D94 /* TWGOperationTests.m */; };
		65C96CB91C0CE8D200298710 /* FailingOperation.m in Sources */ = {isa = PBXBuildFile; fileRef = 65C96CB81C0CE8D200298710 /* FailingOperation.m */; };
		65C96CBC1C0CE91E00298710 /* SucceedingOperation.m in Sources */ = {isa = PBXBuildFile; fileRef = 65C96CBB1C0CE91E00298710 /* SucceedingOperation.m */; };
		65C96CBF1C0CEB4C00298710 /* DelegateForwardingGroupOperation.m in Sources */ = {isa = PBXBuildFile; fileRef = 65C96CBE1C0CEB4C00298710 /* DelegateForwardingGroupOperation.m */; };
		65C96CC21C0CEB6B00298710 /* ReportingOperation.m in Sources */ = {isa = PBXBuildFile; fileRef = 65C96CC11C0CEB6B00298710 /* ReportingOperation.m */; };
		65CEEBE71CDA44AC005F7690 /* DownloadFlickrFeedOperation.m in Sources */ = {isa = PBXBuildFile; fileRef = 65CEEBE61CDA44AC005F7690 /* DownloadFlickrFeedOperation.m */; };
		65CEEBEB1CDA49EE005F7690 /* FlickrPhotoViewController.m in Sources */ = {isa = PBXBuildFile; fileRef = 65CEEBE91CDA49EE005F7690 /* FlickrPhotoViewController.m */; };
		65CEEBEC1CDA49EE005F7690 /* FlickrPhotoViewController.xib in Resources */ = {isa = PBXBuildFile; fileRef = 65CEEBEA1CDA49EE005F7690 /* FlickrPhotoViewController.xib */; };
		65CEEBEF1CDA5E69005F7690 /* FlickrPhotoDownloadOperation.m in Sources */ = {isa = PBXBuildFile; fileRef = 65CEEBEE1CDA5E69005F7690 /* FlickrPhotoDownloadOperation.m */; };
		65CEEBF21CDA5F80005F7690 /* ConnectionAlertOperation.m in Sources */ = {isa = PBXBuildFile; fileRef = 65CEEBF11CDA5F80005F7690 /* ConnectionAlertOperation.m */; };
		65CEEBF41CDA6808005F7690 /* TWGAlertOperationTests.m in Sources */ = {isa = PBXBuildFile; fileRef = 65CEEBF31CDA6808005F7690 /* TWGAlertOperationTests.m */; };
		65DEA26F1C0632770023D11A /* NSOperationGroupDependencyTests.m in Sources */ = {isa = PBXBuildFile; fileRef = 65DEA26E1C0632770023D11A /* NSOperationGroupDependencyTests.m */; };
		65DEA2711C0634DD0023D11A /* TWGDelayOperationTests.m in Sources */ = {isa = PBXBuildFile; fileRef = 65DEA2701C0634DD0023D11A /* TWGDelayOperationTests.m */; };
		65DEA2751C0641410023D11A /* TWGGroupOperationTests.m in Sources */ = {isa = PBXBuildFile; fileRef = 65DEA2741C0641410023D11A /* TWGGroupOperationTests.m */; };
		65DEA27B1C0656930023D11A /* GETOperation.m in Sources */ = {isa = PBXBuildFile; fileRef = 65DEA27A1C0656930023D11A /* GETOperation.m */; };
		65DFF3CB1C15F3910054B827 /* TWGGroupOperationImpliedDependencyTests.m in Sources */ = {isa = PBXBuildFile; fileRef = 65DFF3CA1C15F3910054B827 /* TWGGroupOperationImpliedDependencyTests.m */; };
		65DFF3CF1C1606080054B827 /* CompletionOrderReportOperation.m in Sources */ = {isa = PBXBuildFile; fileRef = 65DFF3CE1C1606080054B827 /* CompletionOrderReportOperation.m */; };
		84E50677B7B7ECE25C24BC66 /* Pods_TWGOperations_Example_TWGOperations_Integration_Tests.framework in Frameworks */ = {isa = PBXBuildFile; fileRef = 223941838021AFEC0C6DF85F /* Pods_TWGOperations_Example_TWGOperations_Integration_Tests.framework */; };
/* End PBXBuildFile section */

/* Begin PBXContainerItemProxy section */
		6003F5B3195388D20070C39A /* PBXContainerItemProxy */ = {
			isa = PBXContainerItemProxy;
			containerPortal = 6003F582195388D10070C39A /* Project object */;
			proxyType = 1;
			remoteGlobalIDString = 6003F589195388D20070C39A;
			remoteInfo = TWGOperations;
		};
		65274B571C1B55AA00DF0112 /* PBXContainerItemProxy */ = {
			isa = PBXContainerItemProxy;
			containerPortal = 6003F582195388D10070C39A /* Project object */;
			proxyType = 1;
			remoteGlobalIDString = 6003F589195388D20070C39A;
			remoteInfo = TWGOperations;
		};
		65274B731C1B55BB00DF0112 /* PBXContainerItemProxy */ = {
			isa = PBXContainerItemProxy;
			containerPortal = 6003F582195388D10070C39A /* Project object */;
			proxyType = 1;
			remoteGlobalIDString = 6003F589195388D20070C39A;
			remoteInfo = TWGOperations;
		};
/* End PBXContainerItemProxy section */

/* Begin PBXFileReference section */
		08219E256687B16A3EFFF9B0 /* LICENSE */ = {isa = PBXFileReference; includeInIndex = 1; lastKnownFileType = text; name = LICENSE; path = ../LICENSE; sourceTree = "<group>"; };
		100E0AABF253F150242F35B8 /* Pods-TWGOperations_Example.release.xcconfig */ = {isa = PBXFileReference; includeInIndex = 1; lastKnownFileType = text.xcconfig; name = "Pods-TWGOperations_Example.release.xcconfig"; path = "Pods/Target Support Files/Pods-TWGOperations_Example/Pods-TWGOperations_Example.release.xcconfig"; sourceTree = "<group>"; };
		1E595DBA5A20BE5B5CED006D /* Pods-TWGOperations_Example-TWGOperations_Tests.release.xcconfig */ = {isa = PBXFileReference; includeInIndex = 1; lastKnownFileType = text.xcconfig; name = "Pods-TWGOperations_Example-TWGOperations_Tests.release.xcconfig"; path = "Pods/Target Support Files/Pods-TWGOperations_Example-TWGOperations_Tests/Pods-TWGOperations_Example-TWGOperations_Tests.release.xcconfig"; sourceTree = "<group>"; };
		223941838021AFEC0C6DF85F /* Pods_TWGOperations_Example_TWGOperations_Integration_Tests.framework */ = {isa = PBXFileReference; explicitFileType = wrapper.framework; includeInIndex = 0; path = Pods_TWGOperations_Example_TWGOperations_Integration_Tests.framework; sourceTree = BUILT_PRODUCTS_DIR; };
		37D14D4AAB69C41D59CB1881 /* Pods-TWGOperations_Example-TWGOperations_Integration_Tests.release.xcconfig */ = {isa = PBXFileReference; includeInIndex = 1; lastKnownFileType = text.xcconfig; name = "Pods-TWGOperations_Example-TWGOperations_Integration_Tests.release.xcconfig"; path = "Pods/Target Support Files/Pods-TWGOperations_Example-TWGOperations_Integration_Tests/Pods-TWGOperations_Example-TWGOperations_Integration_Tests.release.xcconfig"; sourceTree = "<group>"; };
		3C71395C1C3CF79A55203D7B /* Pods-TWGOperations_Example-TWGOperations_Tests.debug.xcconfig */ = {isa = PBXFileReference; includeInIndex = 1; lastKnownFileType = text.xcconfig; name = "Pods-TWGOperations_Example-TWGOperations_Tests.debug.xcconfig"; path = "Pods/Target Support Files/Pods-TWGOperations_Example-TWGOperations_Tests/Pods-TWGOperations_Example-TWGOperations_Tests.debug.xcconfig"; sourceTree = "<group>"; };
		6003F58A195388D20070C39A /* TWGOperations_Example.app */ = {isa = PBXFileReference; explicitFileType = wrapper.application; includeInIndex = 0; path = TWGOperations_Example.app; sourceTree = BUILT_PRODUCTS_DIR; };
		6003F58D195388D20070C39A /* Foundation.framework */ = {isa = PBXFileReference; lastKnownFileType = wrapper.framework; name = Foundation.framework; path = System/Library/Frameworks/Foundation.framework; sourceTree = SDKROOT; };
		6003F58F195388D20070C39A /* CoreGraphics.framework */ = {isa = PBXFileReference; lastKnownFileType = wrapper.framework; name = CoreGraphics.framework; path = System/Library/Frameworks/CoreGraphics.framework; sourceTree = SDKROOT; };
		6003F591195388D20070C39A /* UIKit.framework */ = {isa = PBXFileReference; lastKnownFileType = wrapper.framework; name = UIKit.framework; path = System/Library/Frameworks/UIKit.framework; sourceTree = SDKROOT; };
		6003F595195388D20070C39A /* TWGOperations-Info.plist */ = {isa = PBXFileReference; lastKnownFileType = text.plist.xml; path = "TWGOperations-Info.plist"; sourceTree = "<group>"; };
		6003F597195388D20070C39A /* en */ = {isa = PBXFileReference; lastKnownFileType = text.plist.strings; name = en; path = en.lproj/InfoPlist.strings; sourceTree = "<group>"; };
		6003F599195388D20070C39A /* main.m */ = {isa = PBXFileReference; lastKnownFileType = sourcecode.c.objc; path = main.m; sourceTree = "<group>"; };
		6003F59B195388D20070C39A /* TWGOperations-Prefix.pch */ = {isa = PBXFileReference; lastKnownFileType = sourcecode.c.h; path = "TWGOperations-Prefix.pch"; sourceTree = "<group>"; };
		6003F59C195388D20070C39A /* AppDelegate.h */ = {isa = PBXFileReference; lastKnownFileType = sourcecode.c.h; path = AppDelegate.h; sourceTree = "<group>"; };
		6003F59D195388D20070C39A /* AppDelegate.m */ = {isa = PBXFileReference; lastKnownFileType = sourcecode.c.objc; path = AppDelegate.m; sourceTree = "<group>"; };
		6003F5A8195388D20070C39A /* Images.xcassets */ = {isa = PBXFileReference; lastKnownFileType = folder.assetcatalog; path = Images.xcassets; sourceTree = "<group>"; };
		6003F5AE195388D20070C39A /* TWGOperations_Tests.xctest */ = {isa = PBXFileReference; explicitFileType = wrapper.cfbundle; includeInIndex = 0; path = TWGOperations_Tests.xctest; sourceTree = BUILT_PRODUCTS_DIR; };
		6003F5AF195388D20070C39A /* XCTest.framework */ = {isa = PBXFileReference; lastKnownFileType = wrapper.framework; name = XCTest.framework; path = Library/Frameworks/XCTest.framework; sourceTree = DEVELOPER_DIR; };
		6003F5B7195388D20070C39A /* Tests-Info.plist */ = {isa = PBXFileReference; lastKnownFileType = text.plist.xml; path = "Tests-Info.plist"; sourceTree = "<group>"; };
		6003F5B9195388D20070C39A /* en */ = {isa = PBXFileReference; lastKnownFileType = text.plist.strings; name = en; path = en.lproj/InfoPlist.strings; sourceTree = "<group>"; };
		606FC2411953D9B200FFA9A0 /* Tests-Prefix.pch */ = {isa = PBXFileReference; lastKnownFileType = sourcecode.c.h; path = "Tests-Prefix.pch"; sourceTree = "<group>"; };
		61F14C14EFA33B5B9F09E41C /* Pods_TWGOperations_Example_TWGOperations_Tests.framework */ = {isa = PBXFileReference; explicitFileType = wrapper.framework; includeInIndex = 0; path = Pods_TWGOperations_Example_TWGOperations_Tests.framework; sourceTree = BUILT_PRODUCTS_DIR; };
		6506B5201DE5E6A70090C36A /* TWGOperations_Tests-Bridging-Header.h */ = {isa = PBXFileReference; lastKnownFileType = sourcecode.c.h; path = "TWGOperations_Tests-Bridging-Header.h"; sourceTree = "<group>"; };
		6506B5211DE5E6A80090C36A /* TWGOperationSwiftCompatibilityTests.swift */ = {isa = PBXFileReference; fileEncoding = 4; lastKnownFileType = sourcecode.swift; path = TWGOperationSwiftCompatibilityTests.swift; sourceTree = "<group>"; };
		6506B52C1DE5F3F50090C36A /* TestOperationDelegate.swift */ = {isa = PBXFileReference; fileEncoding = 4; lastKnownFileType = sourcecode.swift; path = TestOperationDelegate.swift; sourceTree = "<group>"; };
		6506B52E1DE5F4850090C36A /* LaunchScreen.storyboard */ = {isa = PBXFileReference; fileEncoding = 4; lastKnownFileType = file.storyboard; path = LaunchScreen.storyboard; sourceTree = "<group>"; };
		6506B5361DE5FF980090C36A /* TWGOperations_Example-Bridging-Header.h */ = {isa = PBXFileReference; lastKnownFileType = sourcecode.c.h; path = "TWGOperations_Example-Bridging-Header.h"; sourceTree = "<group>"; };
		6506B5371DE5FF990090C36A /* SwiftPhotoViewController.swift */ = {isa = PBXFileReference; fileEncoding = 4; lastKnownFileType = sourcecode.swift; path = SwiftPhotoViewController.swift; sourceTree = "<group>"; };
		6506B5381DE5FF990090C36A /* SwiftPhotoViewController.xib */ = {isa = PBXFileReference; fileEncoding = 4; lastKnownFileType = file.xib; path = SwiftPhotoViewController.xib; sourceTree = "<group>"; };
		651974B81CD9183000721488 /* GETFlickrPhotoURLSOperation.h */ = {isa = PBXFileReference; fileEncoding = 4; lastKnownFileType = sourcecode.c.h; path = GETFlickrPhotoURLSOperation.h; sourceTree = "<group>"; };
		651974B91CD9183000721488 /* GETFlickrPhotoURLSOperation.m */ = {isa = PBXFileReference; fileEncoding = 4; lastKnownFileType = sourcecode.c.objc; path = GETFlickrPhotoURLSOperation.m; sourceTree = "<group>"; };
		651974BB1CD9202E00721488 /* GETCacheOperation.h */ = {isa = PBXFileReference; fileEncoding = 4; lastKnownFileType = sourcecode.c.h; path = GETCacheOperation.h; sourceTree = "<group>"; };
		651974BC1CD9202E00721488 /* GETCacheOperation.m */ = {isa = PBXFileReference; fileEncoding = 4; lastKnownFileType = sourcecode.c.objc; path = GETCacheOperation.m; sourceTree = "<group>"; };
		651974BF1CD923B500721488 /* PhotoThumbnailCell.h */ = {isa = PBXFileReference; fileEncoding = 4; lastKnownFileType = sourcecode.c.h; path = PhotoThumbnailCell.h; sourceTree = "<group>"; };
		651974C01CD923B500721488 /* PhotoThumbnailCell.m */ = {isa = PBXFileReference; fileEncoding = 4; lastKnownFileType = sourcecode.c.objc; path = PhotoThumbnailCell.m; sourceTree = "<group>"; };
		65274B501C1B28B800DF0112 /* TWGOperationSpeedTests.m */ = {isa = PBXFileReference; fileEncoding = 4; lastKnownFileType = sourcecode.c.objc; path = TWGOperationSpeedTests.m; sourceTree = "<group>"; };
		65274B521C1B2BA300DF0112 /* SortOperation.h */ = {isa = PBXFileReference; fileEncoding = 4; lastKnownFileType = sourcecode.c.h; path = SortOperation.h; sourceTree = "<group>"; };
		65274B531C1B2BA300DF0112 /* SortOperation.m */ = {isa = PBXFileReference; fileEncoding = 4; lastKnownFileType = sourcecode.c.objc; path = SortOperation.m; sourceTree = "<group>"; };
		65274B6F1C1B55AA00DF0112 /* TWGOperations_Performance_Tests.xctest */ = {isa = PBXFileReference; explicitFileType = wrapper.cfbundle; includeInIndex = 0; path = TWGOperations_Performance_Tests.xctest; sourceTree = BUILT_PRODUCTS_DIR; };
		65274B8B1C1B55BB00DF0112 /* TWGOperations_Integration_Tests.xctest */ = {isa = PBXFileReference; explicitFileType = wrapper.cfbundle; includeInIndex = 0; path = TWGOperations_Integration_Tests.xctest; sourceTree = BUILT_PRODUCTS_DIR; };
		65274B911C1B62FB00DF0112 /* NSObjectPerformBlockTests.m */ = {isa = PBXFileReference; fileEncoding = 4; lastKnownFileType = sourcecode.c.objc; path = NSObjectPerformBlockTests.m; sourceTree = "<group>"; };
		6527DA5D1CDCE47B009E612C /* TestingAppDelegate.h */ = {isa = PBXFileReference; fileEncoding = 4; lastKnownFileType = sourcecode.c.h; path = TestingAppDelegate.h; sourceTree = "<group>"; };
		6527DA5E1CDCE47B009E612C /* TestingAppDelegate.m */ = {isa = PBXFileReference; fileEncoding = 4; lastKnownFileType = sourcecode.c.objc; path = TestingAppDelegate.m; sourceTree = "<group>"; };
		652C34591CD3EBEF00D29C39 /* CheckPassOperation.h */ = {isa = PBXFileReference; fileEncoding = 4; lastKnownFileType = sourcecode.c.h; path = CheckPassOperation.h; sourceTree = "<group>"; };
		652C345A1CD3EBEF00D29C39 /* CheckPassOperation.m */ = {isa = PBXFileReference; fileEncoding = 4; lastKnownFileType = sourcecode.c.objc; path = CheckPassOperation.m; sourceTree = "<group>"; };
		652C345C1CD3EDE800D29C39 /* TWGRetryOperationIntegrationTests.m */ = {isa = PBXFileReference; fileEncoding = 4; lastKnownFileType = sourcecode.c.objc; path = TWGRetryOperationIntegrationTests.m; sourceTree = "<group>"; };
		652C345E1CD3EE0F00D29C39 /* TWGRetryOperationTests.m */ = {isa = PBXFileReference; fileEncoding = 4; lastKnownFileType = sourcecode.c.objc; path = TWGRetryOperationTests.m; sourceTree = "<group>"; };
		654EB67B1CD3B3A300BB080E /* HomeViewController.h */ = {isa = PBXFileReference; fileEncoding = 4; lastKnownFileType = sourcecode.c.h; path = HomeViewController.h; sourceTree = "<group>"; };
		654EB67C1CD3B3A300BB080E /* HomeViewController.m */ = {isa = PBXFileReference; fileEncoding = 4; lastKnownFileType = sourcecode.c.objc; path = HomeViewController.m; sourceTree = "<group>"; };
		654EB67E1CD3CE2500BB080E /* GETFlickrFeedOperation.h */ = {isa = PBXFileReference; fileEncoding = 4; lastKnownFileType = sourcecode.c.h; path = GETFlickrFeedOperation.h; sourceTree = "<group>"; };
		654EB67F1CD3CE2500BB080E /* GETFlickrFeedOperation.m */ = {isa = PBXFileReference; fileEncoding = 4; lastKnownFileType = sourcecode.c.objc; path = GETFlickrFeedOperation.m; sourceTree = "<group>"; };
		654EB6821CD3CE4900BB080E /* FlickrPhoto.h */ = {isa = PBXFileReference; fileEncoding = 4; lastKnownFileType = sourcecode.c.h; path = FlickrPhoto.h; sourceTree = "<group>"; };
		654EB6831CD3CE4900BB080E /* FlickrPhoto.m */ = {isa = PBXFileReference; fileEncoding = 4; lastKnownFileType = sourcecode.c.objc; path = FlickrPhoto.m; sourceTree = "<group>"; };
		654EB6851CD3CF1F00BB080E /* FetchFlickrFeedOperation.h */ = {isa = PBXFileReference; fileEncoding = 4; lastKnownFileType = sourcecode.c.h; path = FetchFlickrFeedOperation.h; sourceTree = "<group>"; };
		654EB6861CD3CF1F00BB080E /* FetchFlickrFeedOperation.m */ = {isa = PBXFileReference; fileEncoding = 4; lastKnownFileType = sourcecode.c.objc; path = FetchFlickrFeedOperation.m; sourceTree = "<group>"; };
		654EB6891CD3D26000BB080E /* GETRecentFlickrFeedOperation.h */ = {isa = PBXFileReference; fileEncoding = 4; lastKnownFileType = sourcecode.c.h; path = GETRecentFlickrFeedOperation.h; sourceTree = "<group>"; };
		654EB68A1CD3D26000BB080E /* GETRecentFlickrFeedOperation.m */ = {isa = PBXFileReference; fileEncoding = 4; lastKnownFileType = sourcecode.c.objc; path = GETRecentFlickrFeedOperation.m; sourceTree = "<group>"; };
		659D06111BC8563C00AD5D94 /* TWGOperationTests.m */ = {isa = PBXFileReference; fileEncoding = 4; lastKnownFileType = sourcecode.c.objc; path = TWGOperationTests.m; sourceTree = "<group>"; };
		65C96CB21C0CE35100298710 /* TWGOperationIntegrationTests.m */ = {isa = PBXFileReference; fileEncoding = 4; lastKnownFileType = sourcecode.c.objc; path = TWGOperationIntegrationTests.m; sourceTree = "<group>"; };
		65C96CB41C0CE82100298710 /* TWGGroupOperationIntegrationTests.m */ = {isa = PBXFileReference; fileEncoding = 4; lastKnownFileType = sourcecode.c.objc; path = TWGGroupOperationIntegrationTests.m; sourceTree = "<group>"; };
		65C96CB71C0CE8D200298710 /* FailingOperation.h */ = {isa = PBXFileReference; fileEncoding = 4; lastKnownFileType = sourcecode.c.h; path = FailingOperation.h; sourceTree = "<group>"; };
		65C96CB81C0CE8D200298710 /* FailingOperation.m */ = {isa = PBXFileReference; fileEncoding = 4; lastKnownFileType = sourcecode.c.objc; path = FailingOperation.m; sourceTree = "<group>"; };
		65C96CBA1C0CE91E00298710 /* SucceedingOperation.h */ = {isa = PBXFileReference; fileEncoding = 4; lastKnownFileType = sourcecode.c.h; path = SucceedingOperation.h; sourceTree = "<group>"; };
		65C96CBB1C0CE91E00298710 /* SucceedingOperation.m */ = {isa = PBXFileReference; fileEncoding = 4; lastKnownFileType = sourcecode.c.objc; path = SucceedingOperation.m; sourceTree = "<group>"; };
		65C96CBD1C0CEB4C00298710 /* DelegateForwardingGroupOperation.h */ = {isa = PBXFileReference; fileEncoding = 4; lastKnownFileType = sourcecode.c.h; path = DelegateForwardingGroupOperation.h; sourceTree = "<group>"; };
		65C96CBE1C0CEB4C00298710 /* DelegateForwardingGroupOperation.m */ = {isa = PBXFileReference; fileEncoding = 4; lastKnownFileType = sourcecode.c.objc; path = DelegateForwardingGroupOperation.m; sourceTree = "<group>"; };
		65C96CC01C0CEB6B00298710 /* ReportingOperation.h */ = {isa = PBXFileReference; fileEncoding = 4; lastKnownFileType = sourcecode.c.h; path = ReportingOperation.h; sourceTree = "<group>"; };
		65C96CC11C0CEB6B00298710 /* ReportingOperation.m */ = {isa = PBXFileReference; fileEncoding = 4; lastKnownFileType = sourcecode.c.objc; path = ReportingOperation.m; sourceTree = "<group>"; };
		65CEEBE51CDA44AC005F7690 /* DownloadFlickrFeedOperation.h */ = {isa = PBXFileReference; fileEncoding = 4; lastKnownFileType = sourcecode.c.h; path = DownloadFlickrFeedOperation.h; sourceTree = "<group>"; };
		65CEEBE61CDA44AC005F7690 /* DownloadFlickrFeedOperation.m */ = {isa = PBXFileReference; fileEncoding = 4; lastKnownFileType = sourcecode.c.objc; path = DownloadFlickrFeedOperation.m; sourceTree = "<group>"; };
		65CEEBE81CDA49EE005F7690 /* FlickrPhotoViewController.h */ = {isa = PBXFileReference; fileEncoding = 4; lastKnownFileType = sourcecode.c.h; path = FlickrPhotoViewController.h; sourceTree = "<group>"; };
		65CEEBE91CDA49EE005F7690 /* FlickrPhotoViewController.m */ = {isa = PBXFileReference; fileEncoding = 4; lastKnownFileType = sourcecode.c.objc; path = FlickrPhotoViewController.m; sourceTree = "<group>"; };
		65CEEBEA1CDA49EE005F7690 /* FlickrPhotoViewController.xib */ = {isa = PBXFileReference; fileEncoding = 4; lastKnownFileType = file.xib; path = FlickrPhotoViewController.xib; sourceTree = "<group>"; };
		65CEEBED1CDA5E69005F7690 /* FlickrPhotoDownloadOperation.h */ = {isa = PBXFileReference; fileEncoding = 4; lastKnownFileType = sourcecode.c.h; path = FlickrPhotoDownloadOperation.h; sourceTree = "<group>"; };
		65CEEBEE1CDA5E69005F7690 /* FlickrPhotoDownloadOperation.m */ = {isa = PBXFileReference; fileEncoding = 4; lastKnownFileType = sourcecode.c.objc; path = FlickrPhotoDownloadOperation.m; sourceTree = "<group>"; };
		65CEEBF01CDA5F80005F7690 /* ConnectionAlertOperation.h */ = {isa = PBXFileReference; fileEncoding = 4; lastKnownFileType = sourcecode.c.h; path = ConnectionAlertOperation.h; sourceTree = "<group>"; };
		65CEEBF11CDA5F80005F7690 /* ConnectionAlertOperation.m */ = {isa = PBXFileReference; fileEncoding = 4; lastKnownFileType = sourcecode.c.objc; path = ConnectionAlertOperation.m; sourceTree = "<group>"; };
		65CEEBF31CDA6808005F7690 /* TWGAlertOperationTests.m */ = {isa = PBXFileReference; fileEncoding = 4; lastKnownFileType = sourcecode.c.objc; path = TWGAlertOperationTests.m; sourceTree = "<group>"; };
		65DEA26E1C0632770023D11A /* NSOperationGroupDependencyTests.m */ = {isa = PBXFileReference; fileEncoding = 4; lastKnownFileType = sourcecode.c.objc; path = NSOperationGroupDependencyTests.m; sourceTree = "<group>"; };
		65DEA2701C0634DD0023D11A /* TWGDelayOperationTests.m */ = {isa = PBXFileReference; fileEncoding = 4; lastKnownFileType = sourcecode.c.objc; path = TWGDelayOperationTests.m; sourceTree = "<group>"; };
		65DEA2741C0641410023D11A /* TWGGroupOperationTests.m */ = {isa = PBXFileReference; fileEncoding = 4; lastKnownFileType = sourcecode.c.objc; path = TWGGroupOperationTests.m; sourceTree = "<group>"; };
		65DEA2791C0656930023D11A /* GETOperation.h */ = {isa = PBXFileReference; fileEncoding = 4; lastKnownFileType = sourcecode.c.h; path = GETOperation.h; sourceTree = "<group>"; };
		65DEA27A1C0656930023D11A /* GETOperation.m */ = {isa = PBXFileReference; fileEncoding = 4; lastKnownFileType = sourcecode.c.objc; path = GETOperation.m; sourceTree = "<group>"; };
		65DFF3CA1C15F3910054B827 /* TWGGroupOperationImpliedDependencyTests.m */ = {isa = PBXFileReference; fileEncoding = 4; lastKnownFileType = sourcecode.c.objc; path = TWGGroupOperationImpliedDependencyTests.m; sourceTree = "<group>"; };
		65DFF3CD1C1606080054B827 /* CompletionOrderReportOperation.h */ = {isa = PBXFileReference; fileEncoding = 4; lastKnownFileType = sourcecode.c.h; path = CompletionOrderReportOperation.h; sourceTree = "<group>"; };
		65DFF3CE1C1606080054B827 /* CompletionOrderReportOperation.m */ = {isa = PBXFileReference; fileEncoding = 4; lastKnownFileType = sourcecode.c.objc; path = CompletionOrderReportOperation.m; sourceTree = "<group>"; };
		91986DD8DBEE98D5254BA844 /* Pods-TWGOperations_Example-TWGOperations_Performance_Tests.debug.xcconfig */ = {isa = PBXFileReference; includeInIndex = 1; lastKnownFileType = text.xcconfig; name = "Pods-TWGOperations_Example-TWGOperations_Performance_Tests.debug.xcconfig"; path = "Pods/Target Support Files/Pods-TWGOperations_Example-TWGOperations_Performance_Tests/Pods-TWGOperations_Example-TWGOperations_Performance_Tests.debug.xcconfig"; sourceTree = "<group>"; };
		AC399F9775F3ADBA4A311864 /* Pods-TWGOperations_Example-TWGOperations_Integration_Tests.debug.xcconfig */ = {isa = PBXFileReference; includeInIndex = 1; lastKnownFileType = text.xcconfig; name = "Pods-TWGOperations_Example-TWGOperations_Integration_Tests.debug.xcconfig"; path = "Pods/Target Support Files/Pods-TWGOperations_Example-TWGOperations_Integration_Tests/Pods-TWGOperations_Example-TWGOperations_Integration_Tests.debug.xcconfig"; sourceTree = "<group>"; };
		B4E5FC55ABACBF03F5B76C6B /* README.md */ = {isa = PBXFileReference; includeInIndex = 1; lastKnownFileType = net.daringfireball.markdown; name = README.md; path = ../README.md; sourceTree = "<group>"; };
		B55BD336AEE980698DEB2625 /* TWGOperations.podspec */ = {isa = PBXFileReference; includeInIndex = 1; lastKnownFileType = text; name = TWGOperations.podspec; path = ../TWGOperations.podspec; sourceTree = "<group>"; };
		CE3A398D91DECFF5A1D35497 /* Pods-TWGOperations_Example-TWGOperations_Performance_Tests.release.xcconfig */ = {isa = PBXFileReference; includeInIndex = 1; lastKnownFileType = text.xcconfig; name = "Pods-TWGOperations_Example-TWGOperations_Performance_Tests.release.xcconfig"; path = "Pods/Target Support Files/Pods-TWGOperations_Example-TWGOperations_Performance_Tests/Pods-TWGOperations_Example-TWGOperations_Performance_Tests.release.xcconfig"; sourceTree = "<group>"; };
		E5563414E5C6323438B025CF /* Pods_TWGOperations_Example.framework */ = {isa = PBXFileReference; explicitFileType = wrapper.framework; includeInIndex = 0; path = Pods_TWGOperations_Example.framework; sourceTree = BUILT_PRODUCTS_DIR; };
		E5FB659BCAEE75D397FEDA00 /* Pods_TWGOperations_Example_TWGOperations_Performance_Tests.framework */ = {isa = PBXFileReference; explicitFileType = wrapper.framework; includeInIndex = 0; path = Pods_TWGOperations_Example_TWGOperations_Performance_Tests.framework; sourceTree = BUILT_PRODUCTS_DIR; };
		ED4608CDC42EAA99B1D00B77 /* Pods-TWGOperations_Example.debug.xcconfig */ = {isa = PBXFileReference; includeInIndex = 1; lastKnownFileType = text.xcconfig; name = "Pods-TWGOperations_Example.debug.xcconfig"; path = "Pods/Target Support Files/Pods-TWGOperations_Example/Pods-TWGOperations_Example.debug.xcconfig"; sourceTree = "<group>"; };
/* End PBXFileReference section */

/* Begin PBXFrameworksBuildPhase section */
		6003F587195388D20070C39A /* Frameworks */ = {
			isa = PBXFrameworksBuildPhase;
			buildActionMask = 2147483647;
			files = (
				6003F590195388D20070C39A /* CoreGraphics.framework in Frameworks */,
				6003F592195388D20070C39A /* UIKit.framework in Frameworks */,
				6003F58E195388D20070C39A /* Foundation.framework in Frameworks */,
				5B6BF2167639C9677EE364D4 /* Pods_TWGOperations_Example.framework in Frameworks */,
			);
			runOnlyForDeploymentPostprocessing = 0;
		};
		6003F5AB195388D20070C39A /* Frameworks */ = {
			isa = PBXFrameworksBuildPhase;
			buildActionMask = 2147483647;
			files = (
				6003F5B0195388D20070C39A /* XCTest.framework in Frameworks */,
				6003F5B2195388D20070C39A /* UIKit.framework in Frameworks */,
				6003F5B1195388D20070C39A /* Foundation.framework in Frameworks */,
				005429B5C9A06B8CEE4E0C07 /* Pods_TWGOperations_Example_TWGOperations_Tests.framework in Frameworks */,
			);
			runOnlyForDeploymentPostprocessing = 0;
		};
		65274B631C1B55AA00DF0112 /* Frameworks */ = {
			isa = PBXFrameworksBuildPhase;
			buildActionMask = 2147483647;
			files = (
				65274B641C1B55AA00DF0112 /* XCTest.framework in Frameworks */,
				65274B651C1B55AA00DF0112 /* UIKit.framework in Frameworks */,
				65274B661C1B55AA00DF0112 /* Foundation.framework in Frameworks */,
				346DA0F7D85067BE36D56D8A /* Pods_TWGOperations_Example_TWGOperations_Performance_Tests.framework in Frameworks */,
			);
			runOnlyForDeploymentPostprocessing = 0;
		};
		65274B7F1C1B55BB00DF0112 /* Frameworks */ = {
			isa = PBXFrameworksBuildPhase;
			buildActionMask = 2147483647;
			files = (
				65274B801C1B55BB00DF0112 /* XCTest.framework in Frameworks */,
				65274B811C1B55BB00DF0112 /* UIKit.framework in Frameworks */,
				65274B821C1B55BB00DF0112 /* Foundation.framework in Frameworks */,
				84E50677B7B7ECE25C24BC66 /* Pods_TWGOperations_Example_TWGOperations_Integration_Tests.framework in Frameworks */,
			);
			runOnlyForDeploymentPostprocessing = 0;
		};
/* End PBXFrameworksBuildPhase section */

/* Begin PBXGroup section */
		6003F581195388D10070C39A = {
			isa = PBXGroup;
			children = (
				60FF7A9C1954A5C5007DD14C /* Podspec Metadata */,
				6003F593195388D20070C39A /* Example for TWGOperations */,
				6003F5B5195388D20070C39A /* Tests */,
				6003F58C195388D20070C39A /* Frameworks */,
				6003F58B195388D20070C39A /* Products */,
				BCB4C04B7B2C6BEF5C54F23B /* Pods */,
			);
			sourceTree = "<group>";
		};
		6003F58B195388D20070C39A /* Products */ = {
			isa = PBXGroup;
			children = (
				6003F58A195388D20070C39A /* TWGOperations_Example.app */,
				6003F5AE195388D20070C39A /* TWGOperations_Tests.xctest */,
				65274B6F1C1B55AA00DF0112 /* TWGOperations_Performance_Tests.xctest */,
				65274B8B1C1B55BB00DF0112 /* TWGOperations_Integration_Tests.xctest */,
			);
			name = Products;
			sourceTree = "<group>";
		};
		6003F58C195388D20070C39A /* Frameworks */ = {
			isa = PBXGroup;
			children = (
				6003F58D195388D20070C39A /* Foundation.framework */,
				6003F58F195388D20070C39A /* CoreGraphics.framework */,
				6003F591195388D20070C39A /* UIKit.framework */,
				6003F5AF195388D20070C39A /* XCTest.framework */,
				E5563414E5C6323438B025CF /* Pods_TWGOperations_Example.framework */,
				223941838021AFEC0C6DF85F /* Pods_TWGOperations_Example_TWGOperations_Integration_Tests.framework */,
				E5FB659BCAEE75D397FEDA00 /* Pods_TWGOperations_Example_TWGOperations_Performance_Tests.framework */,
				61F14C14EFA33B5B9F09E41C /* Pods_TWGOperations_Example_TWGOperations_Tests.framework */,
			);
			name = Frameworks;
			sourceTree = "<group>";
		};
		6003F593195388D20070C39A /* Example for TWGOperations */ = {
			isa = PBXGroup;
			children = (
				65D0A8591DAECEF700DB530E /* App */,
				65D0A85A1DAECEFD00DB530E /* Testing */,
			);
			name = "Example for TWGOperations";
			path = TWGOperations;
			sourceTree = "<group>";
		};
		6003F594195388D20070C39A /* Supporting Files */ = {
			isa = PBXGroup;
			children = (
				6003F595195388D20070C39A /* TWGOperations-Info.plist */,
				6003F596195388D20070C39A /* InfoPlist.strings */,
				6003F599195388D20070C39A /* main.m */,
				6003F59B195388D20070C39A /* TWGOperations-Prefix.pch */,
			);
			name = "Supporting Files";
			sourceTree = "<group>";
		};
		6003F5B5195388D20070C39A /* Tests */ = {
			isa = PBXGroup;
			children = (
				6506B5201DE5E6A70090C36A /* TWGOperations_Tests-Bridging-Header.h */,
				6506B51F1DE5E6390090C36A /* Swift Compatibility */,
				6554C83E1CD7CF7F002564F6 /* Unit Tests */,
				65DFF3CC1C15F3D70054B827 /* Integration */,
				65274B4F1C1B289300DF0112 /* Speed */,
				6003F5B6195388D20070C39A /* Supporting Files */,
			);
			path = Tests;
			sourceTree = "<group>";
		};
		6003F5B6195388D20070C39A /* Supporting Files */ = {
			isa = PBXGroup;
			children = (
				6003F5B7195388D20070C39A /* Tests-Info.plist */,
				6003F5B8195388D20070C39A /* InfoPlist.strings */,
				606FC2411953D9B200FFA9A0 /* Tests-Prefix.pch */,
			);
			name = "Supporting Files";
			sourceTree = "<group>";
		};
		60FF7A9C1954A5C5007DD14C /* Podspec Metadata */ = {
			isa = PBXGroup;
			children = (
				B55BD336AEE980698DEB2625 /* TWGOperations.podspec */,
				B4E5FC55ABACBF03F5B76C6B /* README.md */,
				08219E256687B16A3EFFF9B0 /* LICENSE */,
			);
			name = "Podspec Metadata";
			sourceTree = "<group>";
		};
		6506B51F1DE5E6390090C36A /* Swift Compatibility */ = {
			isa = PBXGroup;
			children = (
				6506B5211DE5E6A80090C36A /* TWGOperationSwiftCompatibilityTests.swift */,
				6506B52C1DE5F3F50090C36A /* TestOperationDelegate.swift */,
			);
			name = "Swift Compatibility";
			sourceTree = "<group>";
		};
		651974BE1CD9238900721488 /* Views */ = {
			isa = PBXGroup;
			children = (
				651974BF1CD923B500721488 /* PhotoThumbnailCell.h */,
				651974C01CD923B500721488 /* PhotoThumbnailCell.m */,
			);
			name = Views;
			sourceTree = "<group>";
		};
		65274B4F1C1B289300DF0112 /* Speed */ = {
			isa = PBXGroup;
			children = (
				65274B501C1B28B800DF0112 /* TWGOperationSpeedTests.m */,
			);
			name = Speed;
			sourceTree = "<group>";
		};
		654EB6811CD3CE3100BB080E /* Models */ = {
			isa = PBXGroup;
			children = (
				654EB6821CD3CE4900BB080E /* FlickrPhoto.h */,
				654EB6831CD3CE4900BB080E /* FlickrPhoto.m */,
			);
			name = Models;
			sourceTree = "<group>";
		};
		654EB6881CD3D24500BB080E /* Feed Operations */ = {
			isa = PBXGroup;
			children = (
				654EB6851CD3CF1F00BB080E /* FetchFlickrFeedOperation.h */,
				654EB6861CD3CF1F00BB080E /* FetchFlickrFeedOperation.m */,
				654EB67E1CD3CE2500BB080E /* GETFlickrFeedOperation.h */,
				654EB67F1CD3CE2500BB080E /* GETFlickrFeedOperation.m */,
				654EB6891CD3D26000BB080E /* GETRecentFlickrFeedOperation.h */,
				654EB68A1CD3D26000BB080E /* GETRecentFlickrFeedOperation.m */,
				651974B81CD9183000721488 /* GETFlickrPhotoURLSOperation.h */,
				651974B91CD9183000721488 /* GETFlickrPhotoURLSOperation.m */,
				65CEEBF01CDA5F80005F7690 /* ConnectionAlertOperation.h */,
				65CEEBF11CDA5F80005F7690 /* ConnectionAlertOperation.m */,
			);
			name = "Feed Operations";
			sourceTree = "<group>";
		};
		6554C83E1CD7CF7F002564F6 /* Unit Tests */ = {
			isa = PBXGroup;
			children = (
				659D06111BC8563C00AD5D94 /* TWGOperationTests.m */,
				65DEA2741C0641410023D11A /* TWGGroupOperationTests.m */,
				65DEA2701C0634DD0023D11A /* TWGDelayOperationTests.m */,
				65DEA26E1C0632770023D11A /* NSOperationGroupDependencyTests.m */,
				65274B911C1B62FB00DF0112 /* NSObjectPerformBlockTests.m */,
				65DFF3CA1C15F3910054B827 /* TWGGroupOperationImpliedDependencyTests.m */,
				652C345E1CD3EE0F00D29C39 /* TWGRetryOperationTests.m */,
				65CEEBF31CDA6808005F7690 /* TWGAlertOperationTests.m */,
			);
			name = "Unit Tests";
			sourceTree = "<group>";
		};
		65C96CB61C0CE88300298710 /* Testing Operations */ = {
			isa = PBXGroup;
			children = (
				65C96CB71C0CE8D200298710 /* FailingOperation.h */,
				65C96CB81C0CE8D200298710 /* FailingOperation.m */,
				65C96CBA1C0CE91E00298710 /* SucceedingOperation.h */,
				65C96CBB1C0CE91E00298710 /* SucceedingOperation.m */,
				65C96CBD1C0CEB4C00298710 /* DelegateForwardingGroupOperation.h */,
				65C96CBE1C0CEB4C00298710 /* DelegateForwardingGroupOperation.m */,
				65C96CC01C0CEB6B00298710 /* ReportingOperation.h */,
				65C96CC11C0CEB6B00298710 /* ReportingOperation.m */,
				65DFF3CD1C1606080054B827 /* CompletionOrderReportOperation.h */,
				65DFF3CE1C1606080054B827 /* CompletionOrderReportOperation.m */,
				65274B521C1B2BA300DF0112 /* SortOperation.h */,
				65274B531C1B2BA300DF0112 /* SortOperation.m */,
				652C34591CD3EBEF00D29C39 /* CheckPassOperation.h */,
				652C345A1CD3EBEF00D29C39 /* CheckPassOperation.m */,
			);
			name = "Testing Operations";
			sourceTree = "<group>";
		};
		65D0A8591DAECEF700DB530E /* App */ = {
			isa = PBXGroup;
			children = (
				651974BE1CD9238900721488 /* Views */,
				654EB6811CD3CE3100BB080E /* Models */,
				6003F59C195388D20070C39A /* AppDelegate.h */,
				6003F59D195388D20070C39A /* AppDelegate.m */,
				65DEA2771C0653590023D11A /* View Controllers */,
				65DEA2761C0653530023D11A /* Operations */,
				6003F594195388D20070C39A /* Supporting Files */,
				65DEA2781C0653690023D11A /* Assets */,
			);
			name = App;
			sourceTree = "<group>";
		};
		65D0A85A1DAECEFD00DB530E /* Testing */ = {
			isa = PBXGroup;
			children = (
				65C96CB61C0CE88300298710 /* Testing Operations */,
				6527DA5D1CDCE47B009E612C /* TestingAppDelegate.h */,
				6527DA5E1CDCE47B009E612C /* TestingAppDelegate.m */,
			);
			name = Testing;
			sourceTree = "<group>";
		};
		65DEA2761C0653530023D11A /* Operations */ = {
			isa = PBXGroup;
			children = (
				65DEA2791C0656930023D11A /* GETOperation.h */,
				65DEA27A1C0656930023D11A /* GETOperation.m */,
				651974BB1CD9202E00721488 /* GETCacheOperation.h */,
				651974BC1CD9202E00721488 /* GETCacheOperation.m */,
				654EB6881CD3D24500BB080E /* Feed Operations */,
				65CEEBE51CDA44AC005F7690 /* DownloadFlickrFeedOperation.h */,
				65CEEBE61CDA44AC005F7690 /* DownloadFlickrFeedOperation.m */,
				65CEEBED1CDA5E69005F7690 /* FlickrPhotoDownloadOperation.h */,
				65CEEBEE1CDA5E69005F7690 /* FlickrPhotoDownloadOperation.m */,
			);
			name = Operations;
			sourceTree = "<group>";
		};
		65DEA2771C0653590023D11A /* View Controllers */ = {
			isa = PBXGroup;
			children = (
				654EB67B1CD3B3A300BB080E /* HomeViewController.h */,
				654EB67C1CD3B3A300BB080E /* HomeViewController.m */,
				65CEEBE81CDA49EE005F7690 /* FlickrPhotoViewController.h */,
				65CEEBE91CDA49EE005F7690 /* FlickrPhotoViewController.m */,
				65CEEBEA1CDA49EE005F7690 /* FlickrPhotoViewController.xib */,
				6506B5371DE5FF990090C36A /* SwiftPhotoViewController.swift */,
				6506B5381DE5FF990090C36A /* SwiftPhotoViewController.xib */,
				6506B5361DE5FF980090C36A /* TWGOperations_Example-Bridging-Header.h */,
			);
			name = "View Controllers";
			sourceTree = "<group>";
		};
		65DEA2781C0653690023D11A /* Assets */ = {
			isa = PBXGroup;
			children = (
				6003F5A8195388D20070C39A /* Images.xcassets */,
				6506B52E1DE5F4850090C36A /* LaunchScreen.storyboard */,
			);
			name = Assets;
			sourceTree = "<group>";
		};
		65DFF3CC1C15F3D70054B827 /* Integration */ = {
			isa = PBXGroup;
			children = (
				65C96CB21C0CE35100298710 /* TWGOperationIntegrationTests.m */,
				65C96CB41C0CE82100298710 /* TWGGroupOperationIntegrationTests.m */,
				652C345C1CD3EDE800D29C39 /* TWGRetryOperationIntegrationTests.m */,
			);
			name = Integration;
			sourceTree = "<group>";
		};
		BCB4C04B7B2C6BEF5C54F23B /* Pods */ = {
			isa = PBXGroup;
			children = (
				ED4608CDC42EAA99B1D00B77 /* Pods-TWGOperations_Example.debug.xcconfig */,
				100E0AABF253F150242F35B8 /* Pods-TWGOperations_Example.release.xcconfig */,
				AC399F9775F3ADBA4A311864 /* Pods-TWGOperations_Example-TWGOperations_Integration_Tests.debug.xcconfig */,
				37D14D4AAB69C41D59CB1881 /* Pods-TWGOperations_Example-TWGOperations_Integration_Tests.release.xcconfig */,
				91986DD8DBEE98D5254BA844 /* Pods-TWGOperations_Example-TWGOperations_Performance_Tests.debug.xcconfig */,
				CE3A398D91DECFF5A1D35497 /* Pods-TWGOperations_Example-TWGOperations_Performance_Tests.release.xcconfig */,
				3C71395C1C3CF79A55203D7B /* Pods-TWGOperations_Example-TWGOperations_Tests.debug.xcconfig */,
				1E595DBA5A20BE5B5CED006D /* Pods-TWGOperations_Example-TWGOperations_Tests.release.xcconfig */,
			);
			name = Pods;
			sourceTree = "<group>";
		};
/* End PBXGroup section */

/* Begin PBXNativeTarget section */
		6003F589195388D20070C39A /* TWGOperations_Example */ = {
			isa = PBXNativeTarget;
			buildConfigurationList = 6003F5BF195388D20070C39A /* Build configuration list for PBXNativeTarget "TWGOperations_Example" */;
			buildPhases = (
				70E1A134F57AC4D9E2B36E8A /* [CP] Check Pods Manifest.lock */,
				6003F586195388D20070C39A /* Sources */,
				6003F587195388D20070C39A /* Frameworks */,
				6003F588195388D20070C39A /* Resources */,
				260F08AC0EB29A99DA8D6C4B /* [CP] Embed Pods Frameworks */,
				9EA43016DE097D8AA10BD7C6 /* [CP] Copy Pods Resources */,
			);
			buildRules = (
			);
			dependencies = (
			);
			name = TWGOperations_Example;
			productName = TWGOperations;
			productReference = 6003F58A195388D20070C39A /* TWGOperations_Example.app */;
			productType = "com.apple.product-type.application";
		};
		6003F5AD195388D20070C39A /* TWGOperations_Tests */ = {
			isa = PBXNativeTarget;
			buildConfigurationList = 6003F5C2195388D20070C39A /* Build configuration list for PBXNativeTarget "TWGOperations_Tests" */;
			buildPhases = (
				3494F013CAA1980A034A6877 /* [CP] Check Pods Manifest.lock */,
				6003F5AA195388D20070C39A /* Sources */,
				6003F5AB195388D20070C39A /* Frameworks */,
				6003F5AC195388D20070C39A /* Resources */,
				0B3398059A2392942EED6581 /* [CP] Embed Pods Frameworks */,
				1D0DAFB87D9F348915CB7862 /* [CP] Copy Pods Resources */,
			);
			buildRules = (
			);
			dependencies = (
				6003F5B4195388D20070C39A /* PBXTargetDependency */,
			);
			name = TWGOperations_Tests;
			productName = TWGOperationsTests;
			productReference = 6003F5AE195388D20070C39A /* TWGOperations_Tests.xctest */;
			productType = "com.apple.product-type.bundle.unit-test";
		};
		65274B551C1B55AA00DF0112 /* TWGOperations_Performance_Tests */ = {
			isa = PBXNativeTarget;
			buildConfigurationList = 65274B6C1C1B55AA00DF0112 /* Build configuration list for PBXNativeTarget "TWGOperations_Performance_Tests" */;
			buildPhases = (
				F10C453557CB57C8B9469ACB /* [CP] Check Pods Manifest.lock */,
				65274B591C1B55AA00DF0112 /* Sources */,
				65274B631C1B55AA00DF0112 /* Frameworks */,
				65274B681C1B55AA00DF0112 /* Resources */,
				DFFDA08A7F1958D877931CE4 /* [CP] Embed Pods Frameworks */,
				A8ED6107CB1C73CE48B71588 /* [CP] Copy Pods Resources */,
			);
			buildRules = (
			);
			dependencies = (
				65274B561C1B55AA00DF0112 /* PBXTargetDependency */,
			);
			name = TWGOperations_Performance_Tests;
			productName = TWGOperationsTests;
			productReference = 65274B6F1C1B55AA00DF0112 /* TWGOperations_Performance_Tests.xctest */;
			productType = "com.apple.product-type.bundle.unit-test";
		};
		65274B711C1B55BB00DF0112 /* TWGOperations_Integration_Tests */ = {
			isa = PBXNativeTarget;
			buildConfigurationList = 65274B881C1B55BB00DF0112 /* Build configuration list for PBXNativeTarget "TWGOperations_Integration_Tests" */;
			buildPhases = (
				40FDABD359A35BD61F721602 /* [CP] Check Pods Manifest.lock */,
				65274B751C1B55BB00DF0112 /* Sources */,
				65274B7F1C1B55BB00DF0112 /* Frameworks */,
				65274B841C1B55BB00DF0112 /* Resources */,
				7D4896D2407136AAA50F82A1 /* [CP] Embed Pods Frameworks */,
				1CD15C49E091D5C804B4D7D8 /* [CP] Copy Pods Resources */,
			);
			buildRules = (
			);
			dependencies = (
				65274B721C1B55BB00DF0112 /* PBXTargetDependency */,
			);
			name = TWGOperations_Integration_Tests;
			productName = TWGOperationsTests;
			productReference = 65274B8B1C1B55BB00DF0112 /* TWGOperations_Integration_Tests.xctest */;
			productType = "com.apple.product-type.bundle.unit-test";
		};
/* End PBXNativeTarget section */

/* Begin PBXProject section */
		6003F582195388D10070C39A /* Project object */ = {
			isa = PBXProject;
			attributes = {
				CLASSPREFIX = TWG;
				LastUpgradeCheck = 0800;
				ORGANIZATIONNAME = "Nicholas Kuhne";
				TargetAttributes = {
					6003F589195388D20070C39A = {
						LastSwiftMigration = 0810;
						ProvisioningStyle = Manual;
					};
					6003F5AD195388D20070C39A = {
						LastSwiftMigration = 0810;
						TestTargetID = 6003F589195388D20070C39A;
					};
				};
			};
			buildConfigurationList = 6003F585195388D10070C39A /* Build configuration list for PBXProject "TWGOperations" */;
			compatibilityVersion = "Xcode 3.2";
			developmentRegion = English;
			hasScannedForEncodings = 0;
			knownRegions = (
				en,
				Base,
			);
			mainGroup = 6003F581195388D10070C39A;
			productRefGroup = 6003F58B195388D20070C39A /* Products */;
			projectDirPath = "";
			projectRoot = "";
			targets = (
				6003F589195388D20070C39A /* TWGOperations_Example */,
				6003F5AD195388D20070C39A /* TWGOperations_Tests */,
				65274B711C1B55BB00DF0112 /* TWGOperations_Integration_Tests */,
				65274B551C1B55AA00DF0112 /* TWGOperations_Performance_Tests */,
			);
		};
/* End PBXProject section */

/* Begin PBXResourcesBuildPhase section */
		6003F588195388D20070C39A /* Resources */ = {
			isa = PBXResourcesBuildPhase;
			buildActionMask = 2147483647;
			files = (
				6506B53A1DE5FF990090C36A /* SwiftPhotoViewController.xib in Resources */,
				6003F5A9195388D20070C39A /* Images.xcassets in Resources */,
				6003F598195388D20070C39A /* InfoPlist.strings in Resources */,
				6506B52F1DE5F4850090C36A /* LaunchScreen.storyboard in Resources */,
				65CEEBEC1CDA49EE005F7690 /* FlickrPhotoViewController.xib in Resources */,
			);
			runOnlyForDeploymentPostprocessing = 0;
		};
		6003F5AC195388D20070C39A /* Resources */ = {
			isa = PBXResourcesBuildPhase;
			buildActionMask = 2147483647;
			files = (
				6003F5BA195388D20070C39A /* InfoPlist.strings in Resources */,
			);
			runOnlyForDeploymentPostprocessing = 0;
		};
		65274B681C1B55AA00DF0112 /* Resources */ = {
			isa = PBXResourcesBuildPhase;
			buildActionMask = 2147483647;
			files = (
				65274B691C1B55AA00DF0112 /* InfoPlist.strings in Resources */,
			);
			runOnlyForDeploymentPostprocessing = 0;
		};
		65274B841C1B55BB00DF0112 /* Resources */ = {
			isa = PBXResourcesBuildPhase;
			buildActionMask = 2147483647;
			files = (
				65274B851C1B55BB00DF0112 /* InfoPlist.strings in Resources */,
			);
			runOnlyForDeploymentPostprocessing = 0;
		};
/* End PBXResourcesBuildPhase section */

/* Begin PBXShellScriptBuildPhase section */
		0B3398059A2392942EED6581 /* [CP] Embed Pods Frameworks */ = {
			isa = PBXShellScriptBuildPhase;
			buildActionMask = 2147483647;
			files = (
			);
			inputPaths = (
			);
			name = "[CP] Embed Pods Frameworks";
			outputPaths = (
			);
			runOnlyForDeploymentPostprocessing = 0;
			shellPath = /bin/sh;
			shellScript = "\"${SRCROOT}/Pods/Target Support Files/Pods-TWGOperations_Example-TWGOperations_Tests/Pods-TWGOperations_Example-TWGOperations_Tests-frameworks.sh\"\n";
			showEnvVarsInLog = 0;
		};
		1CD15C49E091D5C804B4D7D8 /* [CP] Copy Pods Resources */ = {
			isa = PBXShellScriptBuildPhase;
			buildActionMask = 2147483647;
			files = (
			);
			inputPaths = (
			);
			name = "[CP] Copy Pods Resources";
			outputPaths = (
			);
			runOnlyForDeploymentPostprocessing = 0;
			shellPath = /bin/sh;
			shellScript = "\"${SRCROOT}/Pods/Target Support Files/Pods-TWGOperations_Example-TWGOperations_Integration_Tests/Pods-TWGOperations_Example-TWGOperations_Integration_Tests-resources.sh\"\n";
			showEnvVarsInLog = 0;
		};
		1D0DAFB87D9F348915CB7862 /* [CP] Copy Pods Resources */ = {
			isa = PBXShellScriptBuildPhase;
			buildActionMask = 2147483647;
			files = (
			);
			inputPaths = (
			);
			name = "[CP] Copy Pods Resources";
			outputPaths = (
			);
			runOnlyForDeploymentPostprocessing = 0;
			shellPath = /bin/sh;
			shellScript = "\"${SRCROOT}/Pods/Target Support Files/Pods-TWGOperations_Example-TWGOperations_Tests/Pods-TWGOperations_Example-TWGOperations_Tests-resources.sh\"\n";
			showEnvVarsInLog = 0;
		};
		260F08AC0EB29A99DA8D6C4B /* [CP] Embed Pods Frameworks */ = {
			isa = PBXShellScriptBuildPhase;
			buildActionMask = 2147483647;
			files = (
			);
			inputPaths = (
			);
			name = "[CP] Embed Pods Frameworks";
			outputPaths = (
			);
			runOnlyForDeploymentPostprocessing = 0;
			shellPath = /bin/sh;
			shellScript = "\"${SRCROOT}/Pods/Target Support Files/Pods-TWGOperations_Example/Pods-TWGOperations_Example-frameworks.sh\"\n";
			showEnvVarsInLog = 0;
		};
		3494F013CAA1980A034A6877 /* [CP] Check Pods Manifest.lock */ = {
			isa = PBXShellScriptBuildPhase;
			buildActionMask = 2147483647;
			files = (
			);
			inputPaths = (
			);
			name = "[CP] Check Pods Manifest.lock";
			outputPaths = (
			);
			runOnlyForDeploymentPostprocessing = 0;
			shellPath = /bin/sh;
			shellScript = "diff \"${PODS_ROOT}/../Podfile.lock\" \"${PODS_ROOT}/Manifest.lock\" > /dev/null\nif [[ $? != 0 ]] ; then\n    cat << EOM\nerror: The sandbox is not in sync with the Podfile.lock. Run 'pod install' or update your CocoaPods installation.\nEOM\n    exit 1\nfi\n";
			showEnvVarsInLog = 0;
		};
		40FDABD359A35BD61F721602 /* [CP] Check Pods Manifest.lock */ = {
			isa = PBXShellScriptBuildPhase;
			buildActionMask = 2147483647;
			files = (
			);
			inputPaths = (
			);
			name = "[CP] Check Pods Manifest.lock";
			outputPaths = (
			);
			runOnlyForDeploymentPostprocessing = 0;
			shellPath = /bin/sh;
			shellScript = "diff \"${PODS_ROOT}/../Podfile.lock\" \"${PODS_ROOT}/Manifest.lock\" > /dev/null\nif [[ $? != 0 ]] ; then\n    cat << EOM\nerror: The sandbox is not in sync with the Podfile.lock. Run 'pod install' or update your CocoaPods installation.\nEOM\n    exit 1\nfi\n";
			showEnvVarsInLog = 0;
		};
		70E1A134F57AC4D9E2B36E8A /* [CP] Check Pods Manifest.lock */ = {
			isa = PBXShellScriptBuildPhase;
			buildActionMask = 2147483647;
			files = (
			);
			inputPaths = (
			);
			name = "[CP] Check Pods Manifest.lock";
			outputPaths = (
			);
			runOnlyForDeploymentPostprocessing = 0;
			shellPath = /bin/sh;
			shellScript = "diff \"${PODS_ROOT}/../Podfile.lock\" \"${PODS_ROOT}/Manifest.lock\" > /dev/null\nif [[ $? != 0 ]] ; then\n    cat << EOM\nerror: The sandbox is not in sync with the Podfile.lock. Run 'pod install' or update your CocoaPods installation.\nEOM\n    exit 1\nfi\n";
			showEnvVarsInLog = 0;
		};
		7D4896D2407136AAA50F82A1 /* [CP] Embed Pods Frameworks */ = {
			isa = PBXShellScriptBuildPhase;
			buildActionMask = 2147483647;
			files = (
			);
			inputPaths = (
			);
			name = "[CP] Embed Pods Frameworks";
			outputPaths = (
			);
			runOnlyForDeploymentPostprocessing = 0;
			shellPath = /bin/sh;
			shellScript = "\"${SRCROOT}/Pods/Target Support Files/Pods-TWGOperations_Example-TWGOperations_Integration_Tests/Pods-TWGOperations_Example-TWGOperations_Integration_Tests-frameworks.sh\"\n";
			showEnvVarsInLog = 0;
		};
		9EA43016DE097D8AA10BD7C6 /* [CP] Copy Pods Resources */ = {
			isa = PBXShellScriptBuildPhase;
			buildActionMask = 2147483647;
			files = (
			);
			inputPaths = (
			);
			name = "[CP] Copy Pods Resources";
			outputPaths = (
			);
			runOnlyForDeploymentPostprocessing = 0;
			shellPath = /bin/sh;
			shellScript = "\"${SRCROOT}/Pods/Target Support Files/Pods-TWGOperations_Example/Pods-TWGOperations_Example-resources.sh\"\n";
			showEnvVarsInLog = 0;
		};
		A8ED6107CB1C73CE48B71588 /* [CP] Copy Pods Resources */ = {
			isa = PBXShellScriptBuildPhase;
			buildActionMask = 2147483647;
			files = (
			);
			inputPaths = (
			);
			name = "[CP] Copy Pods Resources";
			outputPaths = (
			);
			runOnlyForDeploymentPostprocessing = 0;
			shellPath = /bin/sh;
			shellScript = "\"${SRCROOT}/Pods/Target Support Files/Pods-TWGOperations_Example-TWGOperations_Performance_Tests/Pods-TWGOperations_Example-TWGOperations_Performance_Tests-resources.sh\"\n";
			showEnvVarsInLog = 0;
		};
		DFFDA08A7F1958D877931CE4 /* [CP] Embed Pods Frameworks */ = {
			isa = PBXShellScriptBuildPhase;
			buildActionMask = 2147483647;
			files = (
			);
			inputPaths = (
			);
			name = "[CP] Embed Pods Frameworks";
			outputPaths = (
			);
			runOnlyForDeploymentPostprocessing = 0;
			shellPath = /bin/sh;
			shellScript = "\"${SRCROOT}/Pods/Target Support Files/Pods-TWGOperations_Example-TWGOperations_Performance_Tests/Pods-TWGOperations_Example-TWGOperations_Performance_Tests-frameworks.sh\"\n";
			showEnvVarsInLog = 0;
		};
		F10C453557CB57C8B9469ACB /* [CP] Check Pods Manifest.lock */ = {
			isa = PBXShellScriptBuildPhase;
			buildActionMask = 2147483647;
			files = (
			);
			inputPaths = (
			);
			name = "[CP] Check Pods Manifest.lock";
			outputPaths = (
			);
			runOnlyForDeploymentPostprocessing = 0;
			shellPath = /bin/sh;
			shellScript = "diff \"${PODS_ROOT}/../Podfile.lock\" \"${PODS_ROOT}/Manifest.lock\" > /dev/null\nif [[ $? != 0 ]] ; then\n    cat << EOM\nerror: The sandbox is not in sync with the Podfile.lock. Run 'pod install' or update your CocoaPods installation.\nEOM\n    exit 1\nfi\n";
			showEnvVarsInLog = 0;
		};
/* End PBXShellScriptBuildPhase section */

/* Begin PBXSourcesBuildPhase section */
		6003F586195388D20070C39A /* Sources */ = {
			isa = PBXSourcesBuildPhase;
			buildActionMask = 2147483647;
			files = (
				6527DA5F1CDCE47B009E612C /* TestingAppDelegate.m in Sources */,
				654EB68B1CD3D26000BB080E /* GETRecentFlickrFeedOperation.m in Sources */,
				651974C21CD923B500721488 /* PhotoThumbnailCell.m in Sources */,
				65C96CBF1C0CEB4C00298710 /* DelegateForwardingGroupOperation.m in Sources */,
				65CEEBEF1CDA5E69005F7690 /* FlickrPhotoDownloadOperation.m in Sources */,
				6003F59E195388D20070C39A /* AppDelegate.m in Sources */,
				65DFF3CF1C1606080054B827 /* CompletionOrderReportOperation.m in Sources */,
				65CEEBF21CDA5F80005F7690 /* ConnectionAlertOperation.m in Sources */,
				652C345B1CD3EBEF00D29C39 /* CheckPassOperation.m in Sources */,
				65DEA27B1C0656930023D11A /* GETOperation.m in Sources */,
				65CEEBE71CDA44AC005F7690 /* DownloadFlickrFeedOperation.m in Sources */,
				654EB6871CD3CF1F00BB080E /* FetchFlickrFeedOperation.m in Sources */,
				65274B541C1B2BA300DF0112 /* SortOperation.m in Sources */,
				65C96CBC1C0CE91E00298710 /* SucceedingOperation.m in Sources */,
				651974BA1CD9183000721488 /* GETFlickrPhotoURLSOperation.m in Sources */,
				651974BD1CD9202E00721488 /* GETCacheOperation.m in Sources */,
				654EB6801CD3CE2500BB080E /* GETFlickrFeedOperation.m in Sources */,
				65C96CB91C0CE8D200298710 /* FailingOperation.m in Sources */,
				654EB67D1CD3B3A300BB080E /* HomeViewController.m in Sources */,
				654EB6841CD3CE4900BB080E /* FlickrPhoto.m in Sources */,
				65CEEBEB1CDA49EE005F7690 /* FlickrPhotoViewController.m in Sources */,
				6003F59A195388D20070C39A /* main.m in Sources */,
				65C96CC21C0CEB6B00298710 /* ReportingOperation.m in Sources */,
				6506B5391DE5FF990090C36A /* SwiftPhotoViewController.swift in Sources */,
			);
			runOnlyForDeploymentPostprocessing = 0;
		};
		6003F5AA195388D20070C39A /* Sources */ = {
			isa = PBXSourcesBuildPhase;
			buildActionMask = 2147483647;
			files = (
				652C345F1CD3EE0F00D29C39 /* TWGRetryOperationTests.m in Sources */,
				65CEEBF41CDA6808005F7690 /* TWGAlertOperationTests.m in Sources */,
				65DEA2711C0634DD0023D11A /* TWGDelayOperationTests.m in Sources */,
				659D06121BC8563C00AD5D94 /* TWGOperationTests.m in Sources */,
				65DFF3CB1C15F3910054B827 /* TWGGroupOperationImpliedDependencyTests.m in Sources */,
				65274B921C1B62FB00DF0112 /* NSObjectPerformBlockTests.m in Sources */,
				65DEA2751C0641410023D11A /* TWGGroupOperationTests.m in Sources */,
				652C345D1CD3EDE800D29C39 /* TWGRetryOperationIntegrationTests.m in Sources */,
				65DEA26F1C0632770023D11A /* NSOperationGroupDependencyTests.m in Sources */,
				6506B5301DE5F5030090C36A /* TestOperationDelegate.swift in Sources */,
				6506B5221DE5E6A80090C36A /* TWGOperationSwiftCompatibilityTests.swift in Sources */,
			);
			runOnlyForDeploymentPostprocessing = 0;
		};
		65274B591C1B55AA00DF0112 /* Sources */ = {
			isa = PBXSourcesBuildPhase;
			buildActionMask = 2147483647;
			files = (
				65274B611C1B55AA00DF0112 /* TWGOperationSpeedTests.m in Sources */,
			);
			runOnlyForDeploymentPostprocessing = 0;
		};
		65274B751C1B55BB00DF0112 /* Sources */ = {
			isa = PBXSourcesBuildPhase;
			buildActionMask = 2147483647;
			files = (
				65274B7A1C1B55BB00DF0112 /* TWGGroupOperationIntegrationTests.m in Sources */,
				65274B7E1C1B55BB00DF0112 /* TWGOperationIntegrationTests.m in Sources */,
			);
			runOnlyForDeploymentPostprocessing = 0;
		};
/* End PBXSourcesBuildPhase section */

/* Begin PBXTargetDependency section */
		6003F5B4195388D20070C39A /* PBXTargetDependency */ = {
			isa = PBXTargetDependency;
			target = 6003F589195388D20070C39A /* TWGOperations_Example */;
			targetProxy = 6003F5B3195388D20070C39A /* PBXContainerItemProxy */;
		};
		65274B561C1B55AA00DF0112 /* PBXTargetDependency */ = {
			isa = PBXTargetDependency;
			target = 6003F589195388D20070C39A /* TWGOperations_Example */;
			targetProxy = 65274B571C1B55AA00DF0112 /* PBXContainerItemProxy */;
		};
		65274B721C1B55BB00DF0112 /* PBXTargetDependency */ = {
			isa = PBXTargetDependency;
			target = 6003F589195388D20070C39A /* TWGOperations_Example */;
			targetProxy = 65274B731C1B55BB00DF0112 /* PBXContainerItemProxy */;
		};
/* End PBXTargetDependency section */

/* Begin PBXVariantGroup section */
		6003F596195388D20070C39A /* InfoPlist.strings */ = {
			isa = PBXVariantGroup;
			children = (
				6003F597195388D20070C39A /* en */,
			);
			name = InfoPlist.strings;
			sourceTree = "<group>";
		};
		6003F5B8195388D20070C39A /* InfoPlist.strings */ = {
			isa = PBXVariantGroup;
			children = (
				6003F5B9195388D20070C39A /* en */,
			);
			name = InfoPlist.strings;
			sourceTree = "<group>";
		};
/* End PBXVariantGroup section */

/* Begin XCBuildConfiguration section */
		6003F5BD195388D20070C39A /* Debug */ = {
			isa = XCBuildConfiguration;
			buildSettings = {
				ALWAYS_SEARCH_USER_PATHS = NO;
				CLANG_CXX_LANGUAGE_STANDARD = "gnu++0x";
				CLANG_CXX_LIBRARY = "libc++";
				CLANG_ENABLE_MODULES = YES;
				CLANG_ENABLE_OBJC_ARC = YES;
				CLANG_WARN_BOOL_CONVERSION = YES;
				CLANG_WARN_CONSTANT_CONVERSION = YES;
				CLANG_WARN_DIRECT_OBJC_ISA_USAGE = YES_ERROR;
				CLANG_WARN_EMPTY_BODY = YES;
				CLANG_WARN_ENUM_CONVERSION = YES;
				CLANG_WARN_INFINITE_RECURSION = YES;
				CLANG_WARN_INT_CONVERSION = YES;
				CLANG_WARN_OBJC_ROOT_CLASS = YES_ERROR;
				CLANG_WARN_SUSPICIOUS_MOVE = YES;
				CLANG_WARN_UNREACHABLE_CODE = YES;
				CLANG_WARN__DUPLICATE_METHOD_MATCH = YES;
				"CODE_SIGN_IDENTITY[sdk=iphoneos*]" = "iPhone Developer";
				COPY_PHASE_STRIP = NO;
				ENABLE_STRICT_OBJC_MSGSEND = YES;
				ENABLE_TESTABILITY = YES;
				GCC_C_LANGUAGE_STANDARD = gnu99;
				GCC_DYNAMIC_NO_PIC = NO;
				GCC_NO_COMMON_BLOCKS = YES;
				GCC_OPTIMIZATION_LEVEL = 0;
				GCC_PREPROCESSOR_DEFINITIONS = (
					"DEBUG=1",
					"$(inherited)",
				);
				GCC_SYMBOLS_PRIVATE_EXTERN = NO;
				GCC_WARN_64_TO_32_BIT_CONVERSION = YES;
				GCC_WARN_ABOUT_RETURN_TYPE = YES_ERROR;
				GCC_WARN_UNDECLARED_SELECTOR = YES;
				GCC_WARN_UNINITIALIZED_AUTOS = YES_AGGRESSIVE;
				GCC_WARN_UNUSED_FUNCTION = YES;
				GCC_WARN_UNUSED_VARIABLE = YES;
				IPHONEOS_DEPLOYMENT_TARGET = 9.0;
				ONLY_ACTIVE_ARCH = YES;
				SDKROOT = iphoneos;
				TARGETED_DEVICE_FAMILY = "1,2";
			};
			name = Debug;
		};
		6003F5BE195388D20070C39A /* Release */ = {
			isa = XCBuildConfiguration;
			buildSettings = {
				ALWAYS_SEARCH_USER_PATHS = NO;
				CLANG_CXX_LANGUAGE_STANDARD = "gnu++0x";
				CLANG_CXX_LIBRARY = "libc++";
				CLANG_ENABLE_MODULES = YES;
				CLANG_ENABLE_OBJC_ARC = YES;
				CLANG_WARN_BOOL_CONVERSION = YES;
				CLANG_WARN_CONSTANT_CONVERSION = YES;
				CLANG_WARN_DIRECT_OBJC_ISA_USAGE = YES_ERROR;
				CLANG_WARN_EMPTY_BODY = YES;
				CLANG_WARN_ENUM_CONVERSION = YES;
				CLANG_WARN_INFINITE_RECURSION = YES;
				CLANG_WARN_INT_CONVERSION = YES;
				CLANG_WARN_OBJC_ROOT_CLASS = YES_ERROR;
				CLANG_WARN_SUSPICIOUS_MOVE = YES;
				CLANG_WARN_UNREACHABLE_CODE = YES;
				CLANG_WARN__DUPLICATE_METHOD_MATCH = YES;
				"CODE_SIGN_IDENTITY[sdk=iphoneos*]" = "iPhone Developer";
				COPY_PHASE_STRIP = YES;
				ENABLE_NS_ASSERTIONS = NO;
				ENABLE_STRICT_OBJC_MSGSEND = YES;
				GCC_C_LANGUAGE_STANDARD = gnu99;
				GCC_NO_COMMON_BLOCKS = YES;
				GCC_WARN_64_TO_32_BIT_CONVERSION = YES;
				GCC_WARN_ABOUT_RETURN_TYPE = YES_ERROR;
				GCC_WARN_UNDECLARED_SELECTOR = YES;
				GCC_WARN_UNINITIALIZED_AUTOS = YES_AGGRESSIVE;
				GCC_WARN_UNUSED_FUNCTION = YES;
				GCC_WARN_UNUSED_VARIABLE = YES;
				IPHONEOS_DEPLOYMENT_TARGET = 9.0;
				SDKROOT = iphoneos;
				TARGETED_DEVICE_FAMILY = "1,2";
				VALIDATE_PRODUCT = YES;
			};
			name = Release;
		};
		6003F5C0195388D20070C39A /* Debug */ = {
			isa = XCBuildConfiguration;
			baseConfigurationReference = ED4608CDC42EAA99B1D00B77 /* Pods-TWGOperations_Example.debug.xcconfig */;
			buildSettings = {
				ASSETCATALOG_COMPILER_APPICON_NAME = AppIcon;
				CLANG_ENABLE_MODULES = YES;
				CLANG_WARN_NULLABLE_TO_NONNULL_CONVERSION = YES;
				DEVELOPMENT_TEAM = "";
				GCC_PRECOMPILE_PREFIX_HEADER = YES;
				GCC_PREFIX_HEADER = "TWGOperations/TWGOperations-Prefix.pch";
				INFOPLIST_FILE = "TWGOperations/TWGOperations-Info.plist";
				LD_RUNPATH_SEARCH_PATHS = "$(inherited) @executable_path/Frameworks";
				MODULE_NAME = ExampleApp;
				PRODUCT_BUNDLE_IDENTIFIER = "org.cocoapods.demo.${PRODUCT_NAME:rfc1034identifier}";
				PRODUCT_NAME = "$(TARGET_NAME)";
				SWIFT_OBJC_BRIDGING_HEADER = "TWGOperations/TWGOperations_Example-Bridging-Header.h";
				SWIFT_OPTIMIZATION_LEVEL = "-Onone";
				SWIFT_VERSION = 3.0;
				WARNING_CFLAGS = "";
				WRAPPER_EXTENSION = app;
			};
			name = Debug;
		};
		6003F5C1195388D20070C39A /* Release */ = {
			isa = XCBuildConfiguration;
			baseConfigurationReference = 100E0AABF253F150242F35B8 /* Pods-TWGOperations_Example.release.xcconfig */;
			buildSettings = {
				ASSETCATALOG_COMPILER_APPICON_NAME = AppIcon;
				CLANG_ENABLE_MODULES = YES;
				CLANG_WARN_NULLABLE_TO_NONNULL_CONVERSION = YES;
				DEVELOPMENT_TEAM = "";
				GCC_PRECOMPILE_PREFIX_HEADER = YES;
				GCC_PREFIX_HEADER = "TWGOperations/TWGOperations-Prefix.pch";
				INFOPLIST_FILE = "TWGOperations/TWGOperations-Info.plist";
				LD_RUNPATH_SEARCH_PATHS = "$(inherited) @executable_path/Frameworks";
				MODULE_NAME = ExampleApp;
				PRODUCT_BUNDLE_IDENTIFIER = "org.cocoapods.demo.${PRODUCT_NAME:rfc1034identifier}";
				PRODUCT_NAME = "$(TARGET_NAME)";
				SWIFT_OBJC_BRIDGING_HEADER = "TWGOperations/TWGOperations_Example-Bridging-Header.h";
				SWIFT_VERSION = 3.0;
				WARNING_CFLAGS = "";
				WRAPPER_EXTENSION = app;
			};
			name = Release;
		};
		6003F5C3195388D20070C39A /* Debug */ = {
			isa = XCBuildConfiguration;
			baseConfigurationReference = 3C71395C1C3CF79A55203D7B /* Pods-TWGOperations_Example-TWGOperations_Tests.debug.xcconfig */;
			buildSettings = {
				ALWAYS_EMBED_SWIFT_STANDARD_LIBRARIES = YES;
				BUNDLE_LOADER = "$(TEST_HOST)";
				CLANG_ENABLE_MODULES = YES;
				FRAMEWORK_SEARCH_PATHS = (
					"$(SDKROOT)/Developer/Library/Frameworks",
					"$(inherited)",
					"$(DEVELOPER_FRAMEWORKS_DIR)",
				);
				GCC_PRECOMPILE_PREFIX_HEADER = YES;
				GCC_PREFIX_HEADER = "Tests/Tests-Prefix.pch";
				GCC_PREPROCESSOR_DEFINITIONS = (
					"DEBUG=1",
					"$(inherited)",
				);
				INFOPLIST_FILE = "Tests/Tests-Info.plist";
				LD_RUNPATH_SEARCH_PATHS = "$(inherited) @executable_path/Frameworks @loader_path/Frameworks";
				PRODUCT_BUNDLE_IDENTIFIER = "org.cocoapods.demo.${PRODUCT_NAME:rfc1034identifier}";
				PRODUCT_NAME = "$(TARGET_NAME)";
				SWIFT_OBJC_BRIDGING_HEADER = "Tests/TWGOperations_Tests-Bridging-Header.h";
				SWIFT_OPTIMIZATION_LEVEL = "-Onone";
				SWIFT_VERSION = 3.0;
				TEST_HOST = "$(BUILT_PRODUCTS_DIR)/TWGOperations_Example.app/TWGOperations_Example";
				WRAPPER_EXTENSION = xctest;
			};
			name = Debug;
		};
		6003F5C4195388D20070C39A /* Release */ = {
			isa = XCBuildConfiguration;
			baseConfigurationReference = 1E595DBA5A20BE5B5CED006D /* Pods-TWGOperations_Example-TWGOperations_Tests.release.xcconfig */;
			buildSettings = {
				ALWAYS_EMBED_SWIFT_STANDARD_LIBRARIES = YES;
				BUNDLE_LOADER = "$(TEST_HOST)";
				CLANG_ENABLE_MODULES = YES;
				FRAMEWORK_SEARCH_PATHS = (
					"$(SDKROOT)/Developer/Library/Frameworks",
					"$(inherited)",
					"$(DEVELOPER_FRAMEWORKS_DIR)",
				);
				GCC_PRECOMPILE_PREFIX_HEADER = YES;
				GCC_PREFIX_HEADER = "Tests/Tests-Prefix.pch";
				INFOPLIST_FILE = "Tests/Tests-Info.plist";
				LD_RUNPATH_SEARCH_PATHS = "$(inherited) @executable_path/Frameworks @loader_path/Frameworks";
				PRODUCT_BUNDLE_IDENTIFIER = "org.cocoapods.demo.${PRODUCT_NAME:rfc1034identifier}";
				PRODUCT_NAME = "$(TARGET_NAME)";
				SWIFT_OBJC_BRIDGING_HEADER = "Tests/TWGOperations_Tests-Bridging-Header.h";
				SWIFT_VERSION = 3.0;
				TEST_HOST = "$(BUILT_PRODUCTS_DIR)/TWGOperations_Example.app/TWGOperations_Example";
				WRAPPER_EXTENSION = xctest;
			};
			name = Release;
		};
		65274B6D1C1B55AA00DF0112 /* Debug */ = {
			isa = XCBuildConfiguration;
			baseConfigurationReference = 91986DD8DBEE98D5254BA844 /* Pods-TWGOperations_Example-TWGOperations_Performance_Tests.debug.xcconfig */;
			buildSettings = {
				ALWAYS_EMBED_SWIFT_STANDARD_LIBRARIES = YES;
				BUNDLE_LOADER = "$(TEST_HOST)";
				FRAMEWORK_SEARCH_PATHS = (
					"$(SDKROOT)/Developer/Library/Frameworks",
					"$(inherited)",
					"$(DEVELOPER_FRAMEWORKS_DIR)",
				);
				GCC_PRECOMPILE_PREFIX_HEADER = YES;
				GCC_PREFIX_HEADER = "Tests/Tests-Prefix.pch";
				GCC_PREPROCESSOR_DEFINITIONS = (
					"DEBUG=1",
					"$(inherited)",
				);
				INFOPLIST_FILE = "TWGOperations_Tests copy-Info.plist";
				PRODUCT_BUNDLE_IDENTIFIER = "org.cocoapods.demo.${PRODUCT_NAME:rfc1034identifier}";
				PRODUCT_NAME = "$(TARGET_NAME)";
				TEST_HOST = "$(BUILT_PRODUCTS_DIR)/TWGOperations_Example.app/TWGOperations_Example";
				WRAPPER_EXTENSION = xctest;
			};
			name = Debug;
		};
		65274B6E1C1B55AA00DF0112 /* Release */ = {
			isa = XCBuildConfiguration;
			baseConfigurationReference = CE3A398D91DECFF5A1D35497 /* Pods-TWGOperations_Example-TWGOperations_Performance_Tests.release.xcconfig */;
			buildSettings = {
				ALWAYS_EMBED_SWIFT_STANDARD_LIBRARIES = YES;
				BUNDLE_LOADER = "$(TEST_HOST)";
				FRAMEWORK_SEARCH_PATHS = (
					"$(SDKROOT)/Developer/Library/Frameworks",
					"$(inherited)",
					"$(DEVELOPER_FRAMEWORKS_DIR)",
				);
				GCC_PRECOMPILE_PREFIX_HEADER = YES;
				GCC_PREFIX_HEADER = "Tests/Tests-Prefix.pch";
				INFOPLIST_FILE = "TWGOperations_Tests copy-Info.plist";
				PRODUCT_BUNDLE_IDENTIFIER = "org.cocoapods.demo.${PRODUCT_NAME:rfc1034identifier}";
				PRODUCT_NAME = "$(TARGET_NAME)";
				TEST_HOST = "$(BUILT_PRODUCTS_DIR)/TWGOperations_Example.app/TWGOperations_Example";
				WRAPPER_EXTENSION = xctest;
			};
			name = Release;
		};
		65274B891C1B55BB00DF0112 /* Debug */ = {
			isa = XCBuildConfiguration;
			baseConfigurationReference = AC399F9775F3ADBA4A311864 /* Pods-TWGOperations_Example-TWGOperations_Integration_Tests.debug.xcconfig */;
			buildSettings = {
				ALWAYS_EMBED_SWIFT_STANDARD_LIBRARIES = YES;
				BUNDLE_LOADER = "$(TEST_HOST)";
				FRAMEWORK_SEARCH_PATHS = (
					"$(SDKROOT)/Developer/Library/Frameworks",
					"$(inherited)",
					"$(DEVELOPER_FRAMEWORKS_DIR)",
				);
				GCC_PRECOMPILE_PREFIX_HEADER = YES;
				GCC_PREFIX_HEADER = "Tests/Tests-Prefix.pch";
				GCC_PREPROCESSOR_DEFINITIONS = (
					"DEBUG=1",
					"$(inherited)",
				);
				INFOPLIST_FILE = "TWGOperations Tests copy-Info.plist";
				PRODUCT_BUNDLE_IDENTIFIER = "org.cocoapods.demo.${PRODUCT_NAME:rfc1034identifier}";
				PRODUCT_NAME = "$(TARGET_NAME)";
				TEST_HOST = "$(BUILT_PRODUCTS_DIR)/TWGOperations_Example.app/TWGOperations_Example";
				WRAPPER_EXTENSION = xctest;
			};
			name = Debug;
		};
		65274B8A1C1B55BB00DF0112 /* Release */ = {
			isa = XCBuildConfiguration;
			baseConfigurationReference = 37D14D4AAB69C41D59CB1881 /* Pods-TWGOperations_Example-TWGOperations_Integration_Tests.release.xcconfig */;
			buildSettings = {
				ALWAYS_EMBED_SWIFT_STANDARD_LIBRARIES = YES;
				BUNDLE_LOADER = "$(TEST_HOST)";
				FRAMEWORK_SEARCH_PATHS = (
					"$(SDKROOT)/Developer/Library/Frameworks",
					"$(inherited)",
					"$(DEVELOPER_FRAMEWORKS_DIR)",
				);
				GCC_PRECOMPILE_PREFIX_HEADER = YES;
				GCC_PREFIX_HEADER = "Tests/Tests-Prefix.pch";
				INFOPLIST_FILE = "TWGOperations Tests copy-Info.plist";
				PRODUCT_BUNDLE_IDENTIFIER = "org.cocoapods.demo.${PRODUCT_NAME:rfc1034identifier}";
				PRODUCT_NAME = "$(TARGET_NAME)";
				TEST_HOST = "$(BUILT_PRODUCTS_DIR)/TWGOperations_Example.app/TWGOperations_Example";
				WRAPPER_EXTENSION = xctest;
			};
			name = Release;
		};
/* End XCBuildConfiguration section */

/* Begin XCConfigurationList section */
		6003F585195388D10070C39A /* Build configuration list for PBXProject "TWGOperations" */ = {
			isa = XCConfigurationList;
			buildConfigurations = (
				6003F5BD195388D20070C39A /* Debug */,
				6003F5BE195388D20070C39A /* Release */,
			);
			defaultConfigurationIsVisible = 0;
			defaultConfigurationName = Release;
		};
		6003F5BF195388D20070C39A /* Build configuration list for PBXNativeTarget "TWGOperations_Example" */ = {
			isa = XCConfigurationList;
			buildConfigurations = (
				6003F5C0195388D20070C39A /* Debug */,
				6003F5C1195388D20070C39A /* Release */,
			);
			defaultConfigurationIsVisible = 0;
			defaultConfigurationName = Release;
		};
		6003F5C2195388D20070C39A /* Build configuration list for PBXNativeTarget "TWGOperations_Tests" */ = {
			isa = XCConfigurationList;
			buildConfigurations = (
				6003F5C3195388D20070C39A /* Debug */,
				6003F5C4195388D20070C39A /* Release */,
			);
			defaultConfigurationIsVisible = 0;
			defaultConfigurationName = Release;
		};
		65274B6C1C1B55AA00DF0112 /* Build configuration list for PBXNativeTarget "TWGOperations_Performance_Tests" */ = {
			isa = XCConfigurationList;
			buildConfigurations = (
				65274B6D1C1B55AA00DF0112 /* Debug */,
				65274B6E1C1B55AA00DF0112 /* Release */,
			);
			defaultConfigurationIsVisible = 0;
			defaultConfigurationName = Release;
		};
		65274B881C1B55BB00DF0112 /* Build configuration list for PBXNativeTarget "TWGOperations_Integration_Tests" */ = {
			isa = XCConfigurationList;
			buildConfigurations = (
				65274B891C1B55BB00DF0112 /* Debug */,
				65274B8A1C1B55BB00DF0112 /* Release */,
			);
			defaultConfigurationIsVisible = 0;
			defaultConfigurationName = Release;
		};
/* End XCConfigurationList section */
	};
	rootObject = 6003F582195388D10070C39A /* Project object */;
}
